
Microsoft Visual Studio Solution File, Format Version 12.00
# Visual Studio 14
VisualStudioVersion = 14.0.25420.1
MinimumVisualStudioVersion = 10.0.40219.1
Project("{FAE04EC0-301F-11D3-BF4B-00C04F79EFBC}") = "Notice", "Notice\Notice.csproj", "{2C0F118E-53B9-4714-8DC3-418DD0736971}"
EndProject
Project("{FAE04EC0-301F-11D3-BF4B-00C04F79EFBC}") = "NoticeDB", "NoticeDB\NoticeDB.csproj", "{0E3447E6-DDED-41A6-9402-B54F50752D1C}"
EndProject
Global
	GlobalSection(SolutionConfigurationPlatforms) = preSolution
		Debug|Any CPU = Debug|Any CPU
		Release|Any CPU = Release|Any CPU
	EndGlobalSection
	GlobalSection(ProjectConfigurationPlatforms) = postSolution
		{2C0F118E-53B9-4714-8DC3-418DD0736971}.Debug|Any CPU.ActiveCfg = Debug|Any CPU
		{2C0F118E-53B9-4714-8DC3-418DD0736971}.Debug|Any CPU.Build.0 = Debug|Any CPU
		{2C0F118E-53B9-4714-8DC3-418DD0736971}.Release|Any CPU.ActiveCfg = Release|Any CPU
		{2C0F118E-53B9-4714-8DC3-418DD0736971}.Release|Any CPU.Build.0 = Release|Any CPU
		{0E3447E6-DDED-41A6-9402-B54F50752D1C}.Debug|Any CPU.ActiveCfg = Debug|Any CPU
		{0E3447E6-DDED-41A6-9402-B54F50752D1C}.Debug|Any CPU.Build.0 = Debug|Any CPU
		{0E3447E6-DDED-41A6-9402-B54F50752D1C}.Release|Any CPU.ActiveCfg = Release|Any CPU
		{0E3447E6-DDED-41A6-9402-B54F50752D1C}.Release|Any CPU.Build.0 = Release|Any CPU
	EndGlobalSection
	GlobalSection(SolutionProperties) = preSolution
		HideSolutionNode = FALSE
	EndGlobalSection
EndGlobal
